// !$*UTF8*$!
{
	archiveVersion = 1;
	classes = {
	};
	objectVersion = 46;
	objects = {

/* Begin PBXBuildFile section */
		6213B0CA1B6C7B940082C5C1 /* ZWDTwoView.m in Sources */ = {isa = PBXBuildFile; fileRef = 6213B0C91B6C7B940082C5C1 /* ZWDTwoView.m */; };
		6262E4DC1B671D4B00AC58CE /* ZWDStar.m in Sources */ = {isa = PBXBuildFile; fileRef = 6262E4DB1B671D4B00AC58CE /* ZWDStar.m */; };
		6262E4DE1B6720F400AC58CE /* JavaScriptCore.framework in Frameworks */ = {isa = PBXBuildFile; fileRef = 6262E4DD1B6720F400AC58CE /* JavaScriptCore.framework */; };
		6262E4E11B67234800AC58CE /* WebKit.framework in Frameworks */ = {isa = PBXBuildFile; fileRef = 6262E4E01B67234800AC58CE /* WebKit.framework */; };
		6262E4E41B67268D00AC58CE /* index.html in Resources */ = {isa = PBXBuildFile; fileRef = 6262E4E31B67268D00AC58CE /* index.html */; };
		6262E4E71B67276C00AC58CE /* ZWDViewController.m in Sources */ = {isa = PBXBuildFile; fileRef = 6262E4E61B67276C00AC58CE /* ZWDViewController.m */; };
		6262E4EC1B6730CB00AC58CE /* index.js in Resources */ = {isa = PBXBuildFile; fileRef = 6262E4EB1B6730CB00AC58CE /* index.js */; };
		6262E4EF1B67337D00AC58CE /* ZWDView.m in Sources */ = {isa = PBXBuildFile; fileRef = 6262E4EE1B67337D00AC58CE /* ZWDView.m */; };
		6262E4F71B67597A00AC58CE /* index1.html in Resources */ = {isa = PBXBuildFile; fileRef = 6262E4F61B67597A00AC58CE /* index1.html */; };
		629D90841B662CFC0038D6DF /* NSObject+DLIntrospection.m in Sources */ = {isa = PBXBuildFile; fileRef = 629D90831B662CFC0038D6DF /* NSObject+DLIntrospection.m */; };
		62CBE98C1B7063E900573DA8 /* sark.m in Sources */ = {isa = PBXBuildFile; fileRef = 62CBE98B1B7063E900573DA8 /* sark.m */; };
		62CBE98F1B70640D00573DA8 /* sark+category.m in Sources */ = {isa = PBXBuildFile; fileRef = 62CBE98E1B70640D00573DA8 /* sark+category.m */; };
		62CED2701B64ED9D00C1034C /* main.m in Sources */ = {isa = PBXBuildFile; fileRef = 62CED26F1B64ED9D00C1034C /* main.m */; };
		62CED2731B64ED9D00C1034C /* AppDelegate.m in Sources */ = {isa = PBXBuildFile; fileRef = 62CED2721B64ED9D00C1034C /* AppDelegate.m */; };
		62CED2761B64ED9D00C1034C /* ViewController.m in Sources */ = {isa = PBXBuildFile; fileRef = 62CED2751B64ED9D00C1034C /* ViewController.m */; };
		62CED2791B64ED9D00C1034C /* Main.storyboard in Resources */ = {isa = PBXBuildFile; fileRef = 62CED2771B64ED9D00C1034C /* Main.storyboard */; };
		62CED27B1B64ED9D00C1034C /* Images.xcassets in Resources */ = {isa = PBXBuildFile; fileRef = 62CED27A1B64ED9D00C1034C /* Images.xcassets */; };
		62CED27E1B64ED9D00C1034C /* LaunchScreen.xib in Resources */ = {isa = PBXBuildFile; fileRef = 62CED27C1B64ED9D00C1034C /* LaunchScreen.xib */; };
		62CED28A1B64ED9D00C1034C /* ZWDdemoTests.m in Sources */ = {isa = PBXBuildFile; fileRef = 62CED2891B64ED9D00C1034C /* ZWDdemoTests.m */; };
		62D183CD1B8AF23D0014FE0F /* NSArray+Swizzle.m in Sources */ = {isa = PBXBuildFile; fileRef = 62D183CC1B8AF23D0014FE0F /* NSArray+Swizzle.m */; };
		62D183D11B8AF8AC0014FE0F /* JRSwizzle.m in Sources */ = {isa = PBXBuildFile; fileRef = 62D183CF1B8AF8AC0014FE0F /* JRSwizzle.m */; };
		62D209361B7463B60030C39B /* UIDevice+ZWDNTNUExtensions.m in Sources */ = {isa = PBXBuildFile; fileRef = 62D209351B7463B60030C39B /* UIDevice+ZWDNTNUExtensions.m */; };
		62D2287B1B95949F00DDB9AE /* ZWDsecondViewController.m in Sources */ = {isa = PBXBuildFile; fileRef = 62D2287A1B95949F00DDB9AE /* ZWDsecondViewController.m */; };
		62D228821B9686F900DDB9AE /* ZWDSuperClass.m in Sources */ = {isa = PBXBuildFile; fileRef = 62D228811B9686F900DDB9AE /* ZWDSuperClass.m */; };
		62D228851B96871100DDB9AE /* ZWDChildClass.m in Sources */ = {isa = PBXBuildFile; fileRef = 62D228841B96871100DDB9AE /* ZWDChildClass.m */; };
		A008C1E8CF92D603310CBDC9 /* libPods.a in Frameworks */ = {isa = PBXBuildFile; fileRef = 288C094BF799D785FD715845 /* libPods.a */; };
/* End PBXBuildFile section */

/* Begin PBXContainerItemProxy section */
		62CED2841B64ED9D00C1034C /* PBXContainerItemProxy */ = {
			isa = PBXContainerItemProxy;
			containerPortal = 62CED2621B64ED9D00C1034C /* Project object */;
			proxyType = 1;
			remoteGlobalIDString = 62CED2691B64ED9D00C1034C;
			remoteInfo = ZWDdemo;
		};
/* End PBXContainerItemProxy section */

/* Begin PBXFileReference section */
		032F93A811B7F3BC0040258D /* Pods.debug.xcconfig */ = {isa = PBXFileReference; includeInIndex = 1; lastKnownFileType = text.xcconfig; name = Pods.debug.xcconfig; path = "Pods/Target Support Files/Pods/Pods.debug.xcconfig"; sourceTree = "<group>"; };
		288C094BF799D785FD715845 /* libPods.a */ = {isa = PBXFileReference; explicitFileType = archive.ar; includeInIndex = 0; path = libPods.a; sourceTree = BUILT_PRODUCTS_DIR; };
		2894438EE090D7640629B74E /* Pods.release.xcconfig */ = {isa = PBXFileReference; includeInIndex = 1; lastKnownFileType = text.xcconfig; name = Pods.release.xcconfig; path = "Pods/Target Support Files/Pods/Pods.release.xcconfig"; sourceTree = "<group>"; };
		6213B0C81B6C7B940082C5C1 /* ZWDTwoView.h */ = {isa = PBXFileReference; fileEncoding = 4; lastKnownFileType = sourcecode.c.h; path = ZWDTwoView.h; sourceTree = "<group>"; };
		6213B0C91B6C7B940082C5C1 /* ZWDTwoView.m */ = {isa = PBXFileReference; fileEncoding = 4; lastKnownFileType = sourcecode.c.objc; path = ZWDTwoView.m; sourceTree = "<group>"; };
		6262E4DA1B671D4B00AC58CE /* ZWDStar.h */ = {isa = PBXFileReference; fileEncoding = 4; lastKnownFileType = sourcecode.c.h; path = ZWDStar.h; sourceTree = "<group>"; };
		6262E4DB1B671D4B00AC58CE /* ZWDStar.m */ = {isa = PBXFileReference; fileEncoding = 4; lastKnownFileType = sourcecode.c.objc; path = ZWDStar.m; sourceTree = "<group>"; };
		6262E4DD1B6720F400AC58CE /* JavaScriptCore.framework */ = {isa = PBXFileReference; lastKnownFileType = wrapper.framework; name = JavaScriptCore.framework; path = System/Library/Frameworks/JavaScriptCore.framework; sourceTree = SDKROOT; };
		6262E4E01B67234800AC58CE /* WebKit.framework */ = {isa = PBXFileReference; lastKnownFileType = wrapper.framework; name = WebKit.framework; path = System/Library/Frameworks/WebKit.framework; sourceTree = SDKROOT; };
		6262E4E31B67268D00AC58CE /* index.html */ = {isa = PBXFileReference; fileEncoding = 4; lastKnownFileType = text.html; name = index.html; path = DLIntrospection/index.html; sourceTree = "<group>"; };
		6262E4E51B67276C00AC58CE /* ZWDViewController.h */ = {isa = PBXFileReference; fileEncoding = 4; lastKnownFileType = sourcecode.c.h; path = ZWDViewController.h; sourceTree = "<group>"; };
		6262E4E61B67276C00AC58CE /* ZWDViewController.m */ = {isa = PBXFileReference; fileEncoding = 4; lastKnownFileType = sourcecode.c.objc; path = ZWDViewController.m; sourceTree = "<group>"; };
		6262E4EB1B6730CB00AC58CE /* index.js */ = {isa = PBXFileReference; fileEncoding = 4; lastKnownFileType = sourcecode.javascript; name = index.js; path = DLIntrospection/index.js; sourceTree = "<group>"; };
		6262E4ED1B67337D00AC58CE /* ZWDView.h */ = {isa = PBXFileReference; fileEncoding = 4; lastKnownFileType = sourcecode.c.h; path = ZWDView.h; sourceTree = "<group>"; };
		6262E4EE1B67337D00AC58CE /* ZWDView.m */ = {isa = PBXFileReference; fileEncoding = 4; lastKnownFileType = sourcecode.c.objc; path = ZWDView.m; sourceTree = "<group>"; };
		6262E4F61B67597A00AC58CE /* index1.html */ = {isa = PBXFileReference; fileEncoding = 4; lastKnownFileType = text.html; name = index1.html; path = DLIntrospection/index1.html; sourceTree = "<group>"; };
		629D90821B662CFC0038D6DF /* NSObject+DLIntrospection.h */ = {isa = PBXFileReference; fileEncoding = 4; lastKnownFileType = sourcecode.c.h; path = "NSObject+DLIntrospection.h"; sourceTree = "<group>"; };
		629D90831B662CFC0038D6DF /* NSObject+DLIntrospection.m */ = {isa = PBXFileReference; fileEncoding = 4; lastKnownFileType = sourcecode.c.objc; path = "NSObject+DLIntrospection.m"; sourceTree = "<group>"; };
		62CBE98A1B7063E900573DA8 /* sark.h */ = {isa = PBXFileReference; fileEncoding = 4; lastKnownFileType = sourcecode.c.h; path = sark.h; sourceTree = "<group>"; };
		62CBE98B1B7063E900573DA8 /* sark.m */ = {isa = PBXFileReference; fileEncoding = 4; lastKnownFileType = sourcecode.c.objc; path = sark.m; sourceTree = "<group>"; };
		62CBE98D1B70640D00573DA8 /* sark+category.h */ = {isa = PBXFileReference; fileEncoding = 4; lastKnownFileType = sourcecode.c.h; path = "sark+category.h"; sourceTree = "<group>"; };
		62CBE98E1B70640D00573DA8 /* sark+category.m */ = {isa = PBXFileReference; fileEncoding = 4; lastKnownFileType = sourcecode.c.objc; path = "sark+category.m"; sourceTree = "<group>"; };
		62CED26A1B64ED9D00C1034C /* ZWDdemo.app */ = {isa = PBXFileReference; explicitFileType = wrapper.application; includeInIndex = 0; path = ZWDdemo.app; sourceTree = BUILT_PRODUCTS_DIR; };
		62CED26E1B64ED9D00C1034C /* Info.plist */ = {isa = PBXFileReference; lastKnownFileType = text.plist.xml; path = Info.plist; sourceTree = "<group>"; };
		62CED26F1B64ED9D00C1034C /* main.m */ = {isa = PBXFileReference; lastKnownFileType = sourcecode.c.objc; path = main.m; sourceTree = "<group>"; };
		62CED2711B64ED9D00C1034C /* AppDelegate.h */ = {isa = PBXFileReference; lastKnownFileType = sourcecode.c.h; path = AppDelegate.h; sourceTree = "<group>"; };
		62CED2721B64ED9D00C1034C /* AppDelegate.m */ = {isa = PBXFileReference; lastKnownFileType = sourcecode.c.objc; path = AppDelegate.m; sourceTree = "<group>"; };
		62CED2741B64ED9D00C1034C /* ViewController.h */ = {isa = PBXFileReference; lastKnownFileType = sourcecode.c.h; path = ViewController.h; sourceTree = "<group>"; };
		62CED2751B64ED9D00C1034C /* ViewController.m */ = {isa = PBXFileReference; lastKnownFileType = sourcecode.c.objc; path = ViewController.m; sourceTree = "<group>"; };
		62CED2781B64ED9D00C1034C /* Base */ = {isa = PBXFileReference; lastKnownFileType = file.storyboard; name = Base; path = Base.lproj/Main.storyboard; sourceTree = "<group>"; };
		62CED27A1B64ED9D00C1034C /* Images.xcassets */ = {isa = PBXFileReference; lastKnownFileType = folder.assetcatalog; path = Images.xcassets; sourceTree = "<group>"; };
		62CED27D1B64ED9D00C1034C /* Base */ = {isa = PBXFileReference; lastKnownFileType = file.xib; name = Base; path = Base.lproj/LaunchScreen.xib; sourceTree = "<group>"; };
		62CED2831B64ED9D00C1034C /* ZWDdemoTests.xctest */ = {isa = PBXFileReference; explicitFileType = wrapper.cfbundle; includeInIndex = 0; path = ZWDdemoTests.xctest; sourceTree = BUILT_PRODUCTS_DIR; };
		62CED2881B64ED9D00C1034C /* Info.plist */ = {isa = PBXFileReference; lastKnownFileType = text.plist.xml; path = Info.plist; sourceTree = "<group>"; };
		62CED2891B64ED9D00C1034C /* ZWDdemoTests.m */ = {isa = PBXFileReference; lastKnownFileType = sourcecode.c.objc; path = ZWDdemoTests.m; sourceTree = "<group>"; };
		62D183CB1B8AF23D0014FE0F /* NSArray+Swizzle.h */ = {isa = PBXFileReference; fileEncoding = 4; lastKnownFileType = sourcecode.c.h; path = "NSArray+Swizzle.h"; sourceTree = "<group>"; };
		62D183CC1B8AF23D0014FE0F /* NSArray+Swizzle.m */ = {isa = PBXFileReference; fileEncoding = 4; lastKnownFileType = sourcecode.c.objc; path = "NSArray+Swizzle.m"; sourceTree = "<group>"; };
		62D183CE1B8AF8AC0014FE0F /* JRSwizzle.h */ = {isa = PBXFileReference; fileEncoding = 4; lastKnownFileType = sourcecode.c.h; name = JRSwizzle.h; path = ../JRSwizzle.h; sourceTree = "<group>"; };
		62D183CF1B8AF8AC0014FE0F /* JRSwizzle.m */ = {isa = PBXFileReference; fileEncoding = 4; lastKnownFileType = sourcecode.c.objc; name = JRSwizzle.m; path = ../JRSwizzle.m; sourceTree = "<group>"; };
		62D209341B7463B60030C39B /* UIDevice+ZWDNTNUExtensions.h */ = {isa = PBXFileReference; fileEncoding = 4; lastKnownFileType = sourcecode.c.h; path = "UIDevice+ZWDNTNUExtensions.h"; sourceTree = "<group>"; };
		62D209351B7463B60030C39B /* UIDevice+ZWDNTNUExtensions.m */ = {isa = PBXFileReference; fileEncoding = 4; lastKnownFileType = sourcecode.c.objc; path = "UIDevice+ZWDNTNUExtensions.m"; sourceTree = "<group>"; };
		62D228791B95949F00DDB9AE /* ZWDsecondViewController.h */ = {isa = PBXFileReference; fileEncoding = 4; lastKnownFileType = sourcecode.c.h; path = ZWDsecondViewController.h; sourceTree = "<group>"; };
		62D2287A1B95949F00DDB9AE /* ZWDsecondViewController.m */ = {isa = PBXFileReference; fileEncoding = 4; lastKnownFileType = sourcecode.c.objc; path = ZWDsecondViewController.m; sourceTree = "<group>"; };
		62D228801B9686F900DDB9AE /* ZWDSuperClass.h */ = {isa = PBXFileReference; fileEncoding = 4; lastKnownFileType = sourcecode.c.h; path = ZWDSuperClass.h; sourceTree = "<group>"; };
		62D228811B9686F900DDB9AE /* ZWDSuperClass.m */ = {isa = PBXFileReference; fileEncoding = 4; lastKnownFileType = sourcecode.c.objc; path = ZWDSuperClass.m; sourceTree = "<group>"; };
		62D228831B96871100DDB9AE /* ZWDChildClass.h */ = {isa = PBXFileReference; fileEncoding = 4; lastKnownFileType = sourcecode.c.h; path = ZWDChildClass.h; sourceTree = "<group>"; };
		62D228841B96871100DDB9AE /* ZWDChildClass.m */ = {isa = PBXFileReference; fileEncoding = 4; lastKnownFileType = sourcecode.c.objc; path = ZWDChildClass.m; sourceTree = "<group>"; };
/* End PBXFileReference section */

/* Begin PBXFrameworksBuildPhase section */
		62CED2671B64ED9D00C1034C /* Frameworks */ = {
			isa = PBXFrameworksBuildPhase;
			buildActionMask = 2147483647;
			files = (
				6262E4E11B67234800AC58CE /* WebKit.framework in Frameworks */,
				6262E4DE1B6720F400AC58CE /* JavaScriptCore.framework in Frameworks */,
				A008C1E8CF92D603310CBDC9 /* libPods.a in Frameworks */,
			);
			runOnlyForDeploymentPostprocessing = 0;
		};
		62CED2801B64ED9D00C1034C /* Frameworks */ = {
			isa = PBXFrameworksBuildPhase;
			buildActionMask = 2147483647;
			files = (
			);
			runOnlyForDeploymentPostprocessing = 0;
		};
/* End PBXFrameworksBuildPhase section */

/* Begin PBXGroup section */
		452AF69BB32AC78571247F72 /* Frameworks */ = {
			isa = PBXGroup;
			children = (
				6262E4E01B67234800AC58CE /* WebKit.framework */,
				6262E4DD1B6720F400AC58CE /* JavaScriptCore.framework */,
				288C094BF799D785FD715845 /* libPods.a */,
			);
			name = Frameworks;
			sourceTree = "<group>";
		};
		629D90811B662CFC0038D6DF /* DLIntrospection */ = {
			isa = PBXGroup;
			children = (
				62D183D31B8AF8D70014FE0F /* Method Swizzling */,
				629D90821B662CFC0038D6DF /* NSObject+DLIntrospection.h */,
				629D90831B662CFC0038D6DF /* NSObject+DLIntrospection.m */,
				62D209341B7463B60030C39B /* UIDevice+ZWDNTNUExtensions.h */,
				62D209351B7463B60030C39B /* UIDevice+ZWDNTNUExtensions.m */,
				62D183CB1B8AF23D0014FE0F /* NSArray+Swizzle.h */,
				62D183CC1B8AF23D0014FE0F /* NSArray+Swizzle.m */,
			);
			path = DLIntrospection;
			sourceTree = "<group>";
		};
		62CED2611B64ED9D00C1034C = {
			isa = PBXGroup;
			children = (
				6262E4EB1B6730CB00AC58CE /* index.js */,
				6262E4E31B67268D00AC58CE /* index.html */,
				6262E4F61B67597A00AC58CE /* index1.html */,
				629D90811B662CFC0038D6DF /* DLIntrospection */,
				62CED26C1B64ED9D00C1034C /* ZWDdemo */,
				62CED2861B64ED9D00C1034C /* ZWDdemoTests */,
				62CED26B1B64ED9D00C1034C /* Products */,
				BE584EFFF331F7F8698F9063 /* Pods */,
				452AF69BB32AC78571247F72 /* Frameworks */,
			);
			sourceTree = "<group>";
		};
		62CED26B1B64ED9D00C1034C /* Products */ = {
			isa = PBXGroup;
			children = (
				62CED26A1B64ED9D00C1034C /* ZWDdemo.app */,
				62CED2831B64ED9D00C1034C /* ZWDdemoTests.xctest */,
			);
			name = Products;
			sourceTree = "<group>";
		};
		62CED26C1B64ED9D00C1034C /* ZWDdemo */ = {
			isa = PBXGroup;
			children = (
				62CED2711B64ED9D00C1034C /* AppDelegate.h */,
				62CED2721B64ED9D00C1034C /* AppDelegate.m */,
				62D228791B95949F00DDB9AE /* ZWDsecondViewController.h */,
				62D2287A1B95949F00DDB9AE /* ZWDsecondViewController.m */,
				62CED2741B64ED9D00C1034C /* ViewController.h */,
				62CED2751B64ED9D00C1034C /* ViewController.m */,
				6262E4DA1B671D4B00AC58CE /* ZWDStar.h */,
				6262E4DB1B671D4B00AC58CE /* ZWDStar.m */,
				6262E4E51B67276C00AC58CE /* ZWDViewController.h */,
				6262E4E61B67276C00AC58CE /* ZWDViewController.m */,
				6262E4ED1B67337D00AC58CE /* ZWDView.h */,
				6262E4EE1B67337D00AC58CE /* ZWDView.m */,
				6213B0C81B6C7B940082C5C1 /* ZWDTwoView.h */,
				6213B0C91B6C7B940082C5C1 /* ZWDTwoView.m */,
				62CBE98A1B7063E900573DA8 /* sark.h */,
				62CBE98B1B7063E900573DA8 /* sark.m */,
				62CBE98D1B70640D00573DA8 /* sark+category.h */,
				62CBE98E1B70640D00573DA8 /* sark+category.m */,
				62D228801B9686F900DDB9AE /* ZWDSuperClass.h */,
				62D228811B9686F900DDB9AE /* ZWDSuperClass.m */,
				62D228831B96871100DDB9AE /* ZWDChildClass.h */,
				62D228841B96871100DDB9AE /* ZWDChildClass.m */,
				62CED2771B64ED9D00C1034C /* Main.storyboard */,
				62CED27A1B64ED9D00C1034C /* Images.xcassets */,
				62CED27C1B64ED9D00C1034C /* LaunchScreen.xib */,
				62CED26D1B64ED9D00C1034C /* Supporting Files */,
			);
			path = ZWDdemo;
			sourceTree = "<group>";
		};
		62CED26D1B64ED9D00C1034C /* Supporting Files */ = {
			isa = PBXGroup;
			children = (
				62CED26E1B64ED9D00C1034C /* Info.plist */,
				62CED26F1B64ED9D00C1034C /* main.m */,
			);
			name = "Supporting Files";
			sourceTree = "<group>";
		};
		62CED2861B64ED9D00C1034C /* ZWDdemoTests */ = {
			isa = PBXGroup;
			children = (
				62CED2891B64ED9D00C1034C /* ZWDdemoTests.m */,
				62CED2871B64ED9D00C1034C /* Supporting Files */,
			);
			path = ZWDdemoTests;
			sourceTree = "<group>";
		};
		62CED2871B64ED9D00C1034C /* Supporting Files */ = {
			isa = PBXGroup;
			children = (
				62CED2881B64ED9D00C1034C /* Info.plist */,
			);
			name = "Supporting Files";
			sourceTree = "<group>";
		};
		62D183D31B8AF8D70014FE0F /* Method Swizzling */ = {
			isa = PBXGroup;
			children = (
				62D183CE1B8AF8AC0014FE0F /* JRSwizzle.h */,
				62D183CF1B8AF8AC0014FE0F /* JRSwizzle.m */,
			);
			path = "Method Swizzling";
			sourceTree = "<group>";
		};
		BE584EFFF331F7F8698F9063 /* Pods */ = {
			isa = PBXGroup;
			children = (
				032F93A811B7F3BC0040258D /* Pods.debug.xcconfig */,
				2894438EE090D7640629B74E /* Pods.release.xcconfig */,
			);
			name = Pods;
			sourceTree = "<group>";
		};
/* End PBXGroup section */

/* Begin PBXNativeTarget section */
		62CED2691B64ED9D00C1034C /* ZWDdemo */ = {
			isa = PBXNativeTarget;
			buildConfigurationList = 62CED28D1B64ED9D00C1034C /* Build configuration list for PBXNativeTarget "ZWDdemo" */;
			buildPhases = (
				D250BF199791825712C75E1D /* Check Pods Manifest.lock */,
				62CED2661B64ED9D00C1034C /* Sources */,
				62CED2671B64ED9D00C1034C /* Frameworks */,
				62CED2681B64ED9D00C1034C /* Resources */,
				EA69947E6FDB6EE347DB7E5D /* Copy Pods Resources */,
			);
			buildRules = (
			);
			dependencies = (
			);
			name = ZWDdemo;
			productName = ZWDdemo;
			productReference = 62CED26A1B64ED9D00C1034C /* ZWDdemo.app */;
			productType = "com.apple.product-type.application";
		};
		62CED2821B64ED9D00C1034C /* ZWDdemoTests */ = {
			isa = PBXNativeTarget;
			buildConfigurationList = 62CED2901B64ED9D00C1034C /* Build configuration list for PBXNativeTarget "ZWDdemoTests" */;
			buildPhases = (
				62CED27F1B64ED9D00C1034C /* Sources */,
				62CED2801B64ED9D00C1034C /* Frameworks */,
				62CED2811B64ED9D00C1034C /* Resources */,
			);
			buildRules = (
			);
			dependencies = (
				62CED2851B64ED9D00C1034C /* PBXTargetDependency */,
			);
			name = ZWDdemoTests;
			productName = ZWDdemoTests;
			productReference = 62CED2831B64ED9D00C1034C /* ZWDdemoTests.xctest */;
			productType = "com.apple.product-type.bundle.unit-test";
		};
/* End PBXNativeTarget section */

/* Begin PBXProject section */
		62CED2621B64ED9D00C1034C /* Project object */ = {
			isa = PBXProject;
			attributes = {
				CLASSPREFIX = ZWD;
				LastUpgradeCheck = 0640;
				ORGANIZATIONNAME = "周武德";
				TargetAttributes = {
					62CED2691B64ED9D00C1034C = {
						CreatedOnToolsVersion = 6.4;
					};
					62CED2821B64ED9D00C1034C = {
						CreatedOnToolsVersion = 6.4;
						TestTargetID = 62CED2691B64ED9D00C1034C;
					};
				};
			};
			buildConfigurationList = 62CED2651B64ED9D00C1034C /* Build configuration list for PBXProject "ZWDdemo" */;
			compatibilityVersion = "Xcode 3.2";
			developmentRegion = English;
			hasScannedForEncodings = 0;
			knownRegions = (
				en,
				Base,
			);
			mainGroup = 62CED2611B64ED9D00C1034C;
			productRefGroup = 62CED26B1B64ED9D00C1034C /* Products */;
			projectDirPath = "";
			projectRoot = "";
			targets = (
				62CED2691B64ED9D00C1034C /* ZWDdemo */,
				62CED2821B64ED9D00C1034C /* ZWDdemoTests */,
			);
		};
/* End PBXProject section */

/* Begin PBXResourcesBuildPhase section */
		62CED2681B64ED9D00C1034C /* Resources */ = {
			isa = PBXResourcesBuildPhase;
			buildActionMask = 2147483647;
			files = (
				6262E4EC1B6730CB00AC58CE /* index.js in Resources */,
				62CED2791B64ED9D00C1034C /* Main.storyboard in Resources */,
				62CED27E1B64ED9D00C1034C /* LaunchScreen.xib in Resources */,
				62CED27B1B64ED9D00C1034C /* Images.xcassets in Resources */,
				6262E4E41B67268D00AC58CE /* index.html in Resources */,
				6262E4F71B67597A00AC58CE /* index1.html in Resources */,
			);
			runOnlyForDeploymentPostprocessing = 0;
		};
		62CED2811B64ED9D00C1034C /* Resources */ = {
			isa = PBXResourcesBuildPhase;
			buildActionMask = 2147483647;
			files = (
			);
			runOnlyForDeploymentPostprocessing = 0;
		};
/* End PBXResourcesBuildPhase section */

/* Begin PBXShellScriptBuildPhase section */
		D250BF199791825712C75E1D /* Check Pods Manifest.lock */ = {
			isa = PBXShellScriptBuildPhase;
			buildActionMask = 2147483647;
			files = (
			);
			inputPaths = (
			);
			name = "Check Pods Manifest.lock";
			outputPaths = (
			);
			runOnlyForDeploymentPostprocessing = 0;
			shellPath = /bin/sh;
			shellScript = "diff \"${PODS_ROOT}/../Podfile.lock\" \"${PODS_ROOT}/Manifest.lock\" > /dev/null\nif [[ $? != 0 ]] ; then\n    cat << EOM\nerror: The sandbox is not in sync with the Podfile.lock. Run 'pod install' or update your CocoaPods installation.\nEOM\n    exit 1\nfi\n";
			showEnvVarsInLog = 0;
		};
		EA69947E6FDB6EE347DB7E5D /* Copy Pods Resources */ = {
			isa = PBXShellScriptBuildPhase;
			buildActionMask = 2147483647;
			files = (
			);
			inputPaths = (
			);
			name = "Copy Pods Resources";
			outputPaths = (
			);
			runOnlyForDeploymentPostprocessing = 0;
			shellPath = /bin/sh;
			shellScript = "\"${SRCROOT}/Pods/Target Support Files/Pods/Pods-resources.sh\"\n";
			showEnvVarsInLog = 0;
		};
/* End PBXShellScriptBuildPhase section */

/* Begin PBXSourcesBuildPhase section */
		62CED2661B64ED9D00C1034C /* Sources */ = {
			isa = PBXSourcesBuildPhase;
			buildActionMask = 2147483647;
			files = (
				62D2287B1B95949F00DDB9AE /* ZWDsecondViewController.m in Sources */,
				62CBE98F1B70640D00573DA8 /* sark+category.m in Sources */,
				6262E4DC1B671D4B00AC58CE /* ZWDStar.m in Sources */,
				62D209361B7463B60030C39B /* UIDevice+ZWDNTNUExtensions.m in Sources */,
				62D183CD1B8AF23D0014FE0F /* NSArray+Swizzle.m in Sources */,
				6213B0CA1B6C7B940082C5C1 /* ZWDTwoView.m in Sources */,
				62D228821B9686F900DDB9AE /* ZWDSuperClass.m in Sources */,
				62CED2761B64ED9D00C1034C /* ViewController.m in Sources */,
				629D90841B662CFC0038D6DF /* NSObject+DLIntrospection.m in Sources */,
				62D228851B96871100DDB9AE /* ZWDChildClass.m in Sources */,
				6262E4EF1B67337D00AC58CE /* ZWDView.m in Sources */,
				62D183D11B8AF8AC0014FE0F /* JRSwizzle.m in Sources */,
				62CED2731B64ED9D00C1034C /* AppDelegate.m in Sources */,
				6262E4E71B67276C00AC58CE /* ZWDViewController.m in Sources */,
				62CBE98C1B7063E900573DA8 /* sark.m in Sources */,
				62CED2701B64ED9D00C1034C /* main.m in Sources */,
			);
			runOnlyForDeploymentPostprocessing = 0;
		};
		62CED27F1B64ED9D00C1034C /* Sources */ = {
			isa = PBXSourcesBuildPhase;
			buildActionMask = 2147483647;
			files = (
				62CED28A1B64ED9D00C1034C /* ZWDdemoTests.m in Sources */,
			);
			runOnlyForDeploymentPostprocessing = 0;
		};
/* End PBXSourcesBuildPhase section */

/* Begin PBXTargetDependency section */
		62CED2851B64ED9D00C1034C /* PBXTargetDependency */ = {
			isa = PBXTargetDependency;
			target = 62CED2691B64ED9D00C1034C /* ZWDdemo */;
			targetProxy = 62CED2841B64ED9D00C1034C /* PBXContainerItemProxy */;
		};
/* End PBXTargetDependency section */

/* Begin PBXVariantGroup section */
		62CED2771B64ED9D00C1034C /* Main.storyboard */ = {
			isa = PBXVariantGroup;
			children = (
				62CED2781B64ED9D00C1034C /* Base */,
			);
			name = Main.storyboard;
			sourceTree = "<group>";
		};
		62CED27C1B64ED9D00C1034C /* LaunchScreen.xib */ = {
			isa = PBXVariantGroup;
			children = (
				62CED27D1B64ED9D00C1034C /* Base */,
			);
			name = LaunchScreen.xib;
			sourceTree = "<group>";
		};
/* End PBXVariantGroup section */

/* Begin XCBuildConfiguration section */
		62CED28B1B64ED9D00C1034C /* Debug */ = {
			isa = XCBuildConfiguration;
			buildSettings = {
				ALWAYS_SEARCH_USER_PATHS = NO;
				CLANG_CXX_LANGUAGE_STANDARD = "gnu++0x";
				CLANG_CXX_LIBRARY = "libc++";
				CLANG_ENABLE_MODULES = YES;
				CLANG_ENABLE_OBJC_ARC = YES;
				CLANG_WARN_BOOL_CONVERSION = YES;
				CLANG_WARN_CONSTANT_CONVERSION = YES;
				CLANG_WARN_DIRECT_OBJC_ISA_USAGE = YES_ERROR;
				CLANG_WARN_EMPTY_BODY = YES;
				CLANG_WARN_ENUM_CONVERSION = YES;
				CLANG_WARN_INT_CONVERSION = YES;
				CLANG_WARN_OBJC_ROOT_CLASS = YES_ERROR;
				CLANG_WARN_UNREACHABLE_CODE = YES;
				CLANG_WARN__DUPLICATE_METHOD_MATCH = YES;
				"CODE_SIGN_IDENTITY[sdk=iphoneos*]" = "iPhone Developer";
				COPY_PHASE_STRIP = NO;
				DEBUG_INFORMATION_FORMAT = "dwarf-with-dsym";
				ENABLE_STRICT_OBJC_MSGSEND = YES;
				GCC_C_LANGUAGE_STANDARD = gnu99;
				GCC_DYNAMIC_NO_PIC = NO;
				GCC_NO_COMMON_BLOCKS = YES;
				GCC_OPTIMIZATION_LEVEL = 0;
				GCC_PREPROCESSOR_DEFINITIONS = (
					"DEBUG=1",
					"$(inherited)",
				);
				GCC_SYMBOLS_PRIVATE_EXTERN = NO;
				GCC_WARN_64_TO_32_BIT_CONVERSION = YES;
				GCC_WARN_ABOUT_RETURN_TYPE = YES_ERROR;
				GCC_WARN_UNDECLARED_SELECTOR = YES;
				GCC_WARN_UNINITIALIZED_AUTOS = YES_AGGRESSIVE;
				GCC_WARN_UNUSED_FUNCTION = YES;
				GCC_WARN_UNUSED_VARIABLE = YES;
				IPHONEOS_DEPLOYMENT_TARGET = 8.4;
				MTL_ENABLE_DEBUG_INFO = YES;
				ONLY_ACTIVE_ARCH = YES;
				SDKROOT = iphoneos;
			};
			name = Debug;
		};
		62CED28C1B64ED9D00C1034C /* Release */ = {
			isa = XCBuildConfiguration;
			buildSettings = {
				ALWAYS_SEARCH_USER_PATHS = NO;
				CLANG_CXX_LANGUAGE_STANDARD = "gnu++0x";
				CLANG_CXX_LIBRARY = "libc++";
				CLANG_ENABLE_MODULES = YES;
				CLANG_ENABLE_OBJC_ARC = YES;
				CLANG_WARN_BOOL_CONVERSION = YES;
				CLANG_WARN_CONSTANT_CONVERSION = YES;
				CLANG_WARN_DIRECT_OBJC_ISA_USAGE = YES_ERROR;
				CLANG_WARN_EMPTY_BODY = YES;
				CLANG_WARN_ENUM_CONVERSION = YES;
				CLANG_WARN_INT_CONVERSION = YES;
				CLANG_WARN_OBJC_ROOT_CLASS = YES_ERROR;
				CLANG_WARN_UNREACHABLE_CODE = YES;
				CLANG_WARN__DUPLICATE_METHOD_MATCH = YES;
				"CODE_SIGN_IDENTITY[sdk=iphoneos*]" = "iPhone Developer";
				COPY_PHASE_STRIP = NO;
				DEBUG_INFORMATION_FORMAT = "dwarf-with-dsym";
				ENABLE_NS_ASSERTIONS = NO;
				ENABLE_STRICT_OBJC_MSGSEND = YES;
				GCC_C_LANGUAGE_STANDARD = gnu99;
				GCC_NO_COMMON_BLOCKS = YES;
				GCC_WARN_64_TO_32_BIT_CONVERSION = YES;
				GCC_WARN_ABOUT_RETURN_TYPE = YES_ERROR;
				GCC_WARN_UNDECLARED_SELECTOR = YES;
				GCC_WARN_UNINITIALIZED_AUTOS = YES_AGGRESSIVE;
				GCC_WARN_UNUSED_FUNCTION = YES;
				GCC_WARN_UNUSED_VARIABLE = YES;
				IPHONEOS_DEPLOYMENT_TARGET = 8.4;
				MTL_ENABLE_DEBUG_INFO = NO;
				SDKROOT = iphoneos;
				VALIDATE_PRODUCT = YES;
			};
			name = Release;
		};
		62CED28E1B64ED9D00C1034C /* Debug */ = {
			isa = XCBuildConfiguration;
			baseConfigurationReference = 032F93A811B7F3BC0040258D /* Pods.debug.xcconfig */;
			buildSettings = {
				ASSETCATALOG_COMPILER_APPICON_NAME = AppIcon;
				CLANG_ENABLE_OBJC_ARC = YES;
				ENABLE_STRICT_OBJC_MSGSEND = NO;
				INFOPLIST_FILE = ZWDdemo/Info.plist;
				IPHONEOS_DEPLOYMENT_TARGET = 8.1;
				LD_RUNPATH_SEARCH_PATHS = "$(inherited) @executable_path/Frameworks";
				PRODUCT_NAME = "$(TARGET_NAME)";
			};
			name = Debug;
		};
		62CED28F1B64ED9D00C1034C /* Release */ = {
			isa = XCBuildConfiguration;
			baseConfigurationReference = 2894438EE090D7640629B74E /* Pods.release.xcconfig */;
			buildSettings = {
				ASSETCATALOG_COMPILER_APPICON_NAME = AppIcon;
				CLANG_ENABLE_OBJC_ARC = YES;
				ENABLE_STRICT_OBJC_MSGSEND = NO;
				INFOPLIST_FILE = ZWDdemo/Info.plist;
				IPHONEOS_DEPLOYMENT_TARGET = 8.1;
				LD_RUNPATH_SEARCH_PATHS = "$(inherited) @executable_path/Frameworks";
				PRODUCT_NAME = "$(TARGET_NAME)";
			};
			name = Release;
		};
		62CED2911B64ED9D00C1034C /* Debug */ = {
			isa = XCBuildConfiguration;
			buildSettings = {
				BUNDLE_LOADER = "$(TEST_HOST)";
				FRAMEWORK_SEARCH_PATHS = (
					"$(SDKROOT)/Developer/Library/Frameworks",
					"$(inherited)",
				);
				GCC_PREPROCESSOR_DEFINITIONS = (
					"DEBUG=1",
					"$(inherited)",
				);
				INFOPLIST_FILE = ZWDdemoTests/Info.plist;
				LD_RUNPATH_SEARCH_PATHS = "$(inherited) @executable_path/Frameworks @loader_path/Frameworks";
				PRODUCT_NAME = "$(TARGET_NAME)";
				TEST_HOST = "$(BUILT_PRODUCTS_DIR)/ZWDdemo.app/ZWDdemo";
			};
			name = Debug;
		};
		62CED2921B64ED9D00C1034C /* Release */ = {
			isa = XCBuildConfiguration;
			buildSettings = {
				BUNDLE_LOADER = "$(TEST_HOST)";
				FRAMEWORK_SEARCH_PATHS = (
					"$(SDKROOT)/Developer/Library/Frameworks",
					"$(inherited)",
				);
				INFOPLIST_FILE = ZWDdemoTests/Info.plist;
				LD_RUNPATH_SEARCH_PATHS = "$(inherited) @executable_path/Frameworks @loader_path/Frameworks";
				PRODUCT_NAME = "$(TARGET_NAME)";
				TEST_HOST = "$(BUILT_PRODUCTS_DIR)/ZWDdemo.app/ZWDdemo";
			};
			name = Release;
		};
/* End XCBuildConfiguration section */

/* Begin XCConfigurationList section */
		62CED2651B64ED9D00C1034C /* Build configuration list for PBXProject "ZWDdemo" */ = {
			isa = XCConfigurationList;
			buildConfigurations = (
				62CED28B1B64ED9D00C1034C /* Debug */,
				62CED28C1B64ED9D00C1034C /* Release */,
			);
			defaultConfigurationIsVisible = 0;
			defaultConfigurationName = Release;
		};
		62CED28D1B64ED9D00C1034C /* Build configuration list for PBXNativeTarget "ZWDdemo" */ = {
			isa = XCConfigurationList;
			buildConfigurations = (
				62CED28E1B64ED9D00C1034C /* Debug */,
				62CED28F1B64ED9D00C1034C /* Release */,
			);
			defaultConfigurationIsVisible = 0;
			defaultConfigurationName = Release;
		};
		62CED2901B64ED9D00C1034C /* Build configuration list for PBXNativeTarget "ZWDdemoTests" */ = {
			isa = XCConfigurationList;
			buildConfigurations = (
				62CED2911B64ED9D00C1034C /* Debug */,
				62CED2921B64ED9D00C1034C /* Release */,
			);
			defaultConfigurationIsVisible = 0;
			defaultConfigurationName = Release;
		};
/* End XCConfigurationList section */
	};
	rootObject = 62CED2621B64ED9D00C1034C /* Project object */;
}
